
Microsoft Visual Studio Solution File, Format Version 12.00
# Visual Studio Version 17
VisualStudioVersion = 17.12.35707.178
MinimumVisualStudioVersion = 10.0.40219.1
Project("{2150E333-8FDC-42A3-9474-1A3956D46DE8}") = "1.AbstractFactory", "1.AbstractFactory", "{B8A03C69-32D3-41E8-A18D-645EB49D0E83}"
EndProject
Project("{FAE04EC0-301F-11D3-BF4B-00C04F79EFBC}") = "GUIToolkit", "GUIToolkit\GUIToolkit.csproj", "{71404BA8-14BF-47EE-87FC-83BD7CD0CD34}"
EndProject
Project("{FAE04EC0-301F-11D3-BF4B-00C04F79EFBC}") = "CommerceSystem", "CommerceSystem\CommerceSystem.csproj", "{E58F8E9C-64F2-451F-B416-63ABF1A180EF}"
EndProject
Project("{2150E333-8FDC-42A3-9474-1A3956D46DE8}") = "2.Builder", "2.Builder", "{B86C6BCE-BAF5-4D8C-A1EC-3AACA226FF75}"
EndProject
Project("{FAE04EC0-301F-11D3-BF4B-00C04F79EFBC}") = "SqlQueryBuilder", "SqlQueryBuilder\SqlQueryBuilder.csproj", "{E01A4AF1-12DD-4328-B18D-7A6318050347}"
EndProject
Project("{FAE04EC0-301F-11D3-BF4B-00C04F79EFBC}") = "JsonResponseBuilder", "JsonResponseBuilder\JsonResponseBuilder.csproj", "{C64DF341-A14E-41BC-BAA0-85E3000417DF}"
EndProject
Project("{2150E333-8FDC-42A3-9474-1A3956D46DE8}") = "3.FactoryMethod", "3.FactoryMethod", "{4365D634-5E2A-4DF4-91E8-529A91382F77}"
EndProject
Project("{FAE04EC0-301F-11D3-BF4B-00C04F79EFBC}") = "PaymentProcessor", "PaymentProcessor\PaymentProcessor.csproj", "{D9284771-0088-490F-A93A-B94CCDE6ECB0}"
EndProject
Global
	GlobalSection(SolutionConfigurationPlatforms) = preSolution
		Debug|Any CPU = Debug|Any CPU
		Release|Any CPU = Release|Any CPU
	EndGlobalSection
	GlobalSection(ProjectConfigurationPlatforms) = postSolution
		{71404BA8-14BF-47EE-87FC-83BD7CD0CD34}.Debug|Any CPU.ActiveCfg = Debug|Any CPU
		{71404BA8-14BF-47EE-87FC-83BD7CD0CD34}.Debug|Any CPU.Build.0 = Debug|Any CPU
		{71404BA8-14BF-47EE-87FC-83BD7CD0CD34}.Release|Any CPU.ActiveCfg = Release|Any CPU
		{71404BA8-14BF-47EE-87FC-83BD7CD0CD34}.Release|Any CPU.Build.0 = Release|Any CPU
		{E58F8E9C-64F2-451F-B416-63ABF1A180EF}.Debug|Any CPU.ActiveCfg = Debug|Any CPU
		{E58F8E9C-64F2-451F-B416-63ABF1A180EF}.Debug|Any CPU.Build.0 = Debug|Any CPU
		{E58F8E9C-64F2-451F-B416-63ABF1A180EF}.Release|Any CPU.ActiveCfg = Release|Any CPU
		{E58F8E9C-64F2-451F-B416-63ABF1A180EF}.Release|Any CPU.Build.0 = Release|Any CPU
		{E01A4AF1-12DD-4328-B18D-7A6318050347}.Debug|Any CPU.ActiveCfg = Debug|Any CPU
		{E01A4AF1-12DD-4328-B18D-7A6318050347}.Debug|Any CPU.Build.0 = Debug|Any CPU
		{E01A4AF1-12DD-4328-B18D-7A6318050347}.Release|Any CPU.ActiveCfg = Release|Any CPU
		{E01A4AF1-12DD-4328-B18D-7A6318050347}.Release|Any CPU.Build.0 = Release|Any CPU
		{C64DF341-A14E-41BC-BAA0-85E3000417DF}.Debug|Any CPU.ActiveCfg = Debug|Any CPU
		{C64DF341-A14E-41BC-BAA0-85E3000417DF}.Debug|Any CPU.Build.0 = Debug|Any CPU
		{C64DF341-A14E-41BC-BAA0-85E3000417DF}.Release|Any CPU.ActiveCfg = Release|Any CPU
		{C64DF341-A14E-41BC-BAA0-85E3000417DF}.Release|Any CPU.Build.0 = Release|Any CPU
		{D9284771-0088-490F-A93A-B94CCDE6ECB0}.Debug|Any CPU.ActiveCfg = Debug|Any CPU
		{D9284771-0088-490F-A93A-B94CCDE6ECB0}.Debug|Any CPU.Build.0 = Debug|Any CPU
		{D9284771-0088-490F-A93A-B94CCDE6ECB0}.Release|Any CPU.ActiveCfg = Release|Any CPU
		{D9284771-0088-490F-A93A-B94CCDE6ECB0}.Release|Any CPU.Build.0 = Release|Any CPU
	EndGlobalSection
	GlobalSection(SolutionProperties) = preSolution
		HideSolutionNode = FALSE
	EndGlobalSection
	GlobalSection(NestedProjects) = preSolution
		{71404BA8-14BF-47EE-87FC-83BD7CD0CD34} = {B8A03C69-32D3-41E8-A18D-645EB49D0E83}
		{E58F8E9C-64F2-451F-B416-63ABF1A180EF} = {B8A03C69-32D3-41E8-A18D-645EB49D0E83}
		{E01A4AF1-12DD-4328-B18D-7A6318050347} = {B86C6BCE-BAF5-4D8C-A1EC-3AACA226FF75}
		{C64DF341-A14E-41BC-BAA0-85E3000417DF} = {B86C6BCE-BAF5-4D8C-A1EC-3AACA226FF75}
		{D9284771-0088-490F-A93A-B94CCDE6ECB0} = {4365D634-5E2A-4DF4-91E8-529A91382F77}
	EndGlobalSection
EndGlobal
